
Microsoft Visual Studio Solution File, Format Version 12.00
# Visual Studio Version 17
VisualStudioVersion = 17.11.35303.130
MinimumVisualStudioVersion = 10.0.40219.1
Project("{FAE04EC0-301F-11D3-BF4B-00C04F79EFBC}") = "log_in", "log_in\log_in.csproj", "{FA5D528F-8F6E-4E18-A8E6-FE1142C9BFE1}"
EndProject
Global
	GlobalSection(SolutionConfigurationPlatforms) = preSolution
		Debug|Any CPU = Debug|Any CPU
		Release|Any CPU = Release|Any CPU
	EndGlobalSection
	GlobalSection(ProjectConfigurationPlatforms) = postSolution
		{FA5D528F-8F6E-4E18-A8E6-FE1142C9BFE1}.Debug|Any CPU.ActiveCfg = Debug|Any CPU
		{FA5D528F-8F6E-4E18-A8E6-FE1142C9BFE1}.Debug|Any CPU.Build.0 = Debug|Any CPU
		{FA5D528F-8F6E-4E18-A8E6-FE1142C9BFE1}.Release|Any CPU.ActiveCfg = Release|Any CPU
		{FA5D528F-8F6E-4E18-A8E6-FE1142C9BFE1}.Release|Any CPU.Build.0 = Release|Any CPU
	EndGlobalSection
	GlobalSection(SolutionProperties) = preSolution
		HideSolutionNode = FALSE
	EndGlobalSection
	GlobalSection(ExtensibilityGlobals) = postSolution
		SolutionGuid = {6EE2A572-A541-427B-8B79-64F38FE00FC5}
	EndGlobalSection
EndGlobal
